// !$*UTF8*$!
{
	archiveVersion = 1;
	classes = {
	};
	objectVersion = 77;
	objects = {

/* Begin PBXContainerItemProxy section */
		142D54682D453F4E008B3B74 /* PBXContainerItemProxy */ = {
			isa = PBXContainerItemProxy;
			containerPortal = 142D54492D453F4C008B3B74 /* Project object */;
			proxyType = 1;
			remoteGlobalIDString = 142D54502D453F4C008B3B74;
			remoteInfo = IdealistaChallenge;
		};
		142D54722D453F4E008B3B74 /* PBXContainerItemProxy */ = {
			isa = PBXContainerItemProxy;
			containerPortal = 142D54492D453F4C008B3B74 /* Project object */;
			proxyType = 1;
			remoteGlobalIDString = 142D54502D453F4C008B3B74;
			remoteInfo = IdealistaChallenge;
		};
/* End PBXContainerItemProxy section */

/* Begin PBXFileReference section */
		142D54512D453F4C008B3B74 /* IdealistaChallenge.app */ = {isa = PBXFileReference; explicitFileType = wrapper.application; includeInIndex = 0; path = IdealistaChallenge.app; sourceTree = BUILT_PRODUCTS_DIR; };
		142D54672D453F4E008B3B74 /* IdealistaChallengeTests.xctest */ = {isa = PBXFileReference; explicitFileType = wrapper.cfbundle; includeInIndex = 0; path = IdealistaChallengeTests.xctest; sourceTree = BUILT_PRODUCTS_DIR; };
		142D54712D453F4E008B3B74 /* IdealistaChallengeUITests.xctest */ = {isa = PBXFileReference; explicitFileType = wrapper.cfbundle; includeInIndex = 0; path = IdealistaChallengeUITests.xctest; sourceTree = BUILT_PRODUCTS_DIR; };
/* End PBXFileReference section */

/* Begin PBXFileSystemSynchronizedBuildFileExceptionSet section */
		142D54792D453F4E008B3B74 /* Exceptions for "IdealistaChallenge" folder in "IdealistaChallenge" target */ = {
			isa = PBXFileSystemSynchronizedBuildFileExceptionSet;
			membershipExceptions = (
				Info.plist,
			);
			target = 142D54502D453F4C008B3B74 /* IdealistaChallenge */;
		};
/* End PBXFileSystemSynchronizedBuildFileExceptionSet section */

/* Begin PBXFileSystemSynchronizedRootGroup section */
		142D54532D453F4C008B3B74 /* IdealistaChallenge */ = {
			isa = PBXFileSystemSynchronizedRootGroup;
			exceptions = (
				142D54792D453F4E008B3B74 /* Exceptions for "IdealistaChallenge" folder in "IdealistaChallenge" target */,
			);
			path = IdealistaChallenge;
			sourceTree = "<group>";
		};
		142D546A2D453F4E008B3B74 /* IdealistaChallengeTests */ = {
			isa = PBXFileSystemSynchronizedRootGroup;
			path = IdealistaChallengeTests;
			sourceTree = "<group>";
		};
		142D54742D453F4E008B3B74 /* IdealistaChallengeUITests */ = {
			isa = PBXFileSystemSynchronizedRootGroup;
			path = IdealistaChallengeUITests;
			sourceTree = "<group>";
		};
/* End PBXFileSystemSynchronizedRootGroup section */

/* Begin PBXFrameworksBuildPhase section */
		142D544E2D453F4C008B3B74 /* Frameworks */ = {
			isa = PBXFrameworksBuildPhase;
			buildActionMask = 2147483647;
			files = (
			);
			runOnlyForDeploymentPostprocessing = 0;
		};
		142D54642D453F4E008B3B74 /* Frameworks */ = {
			isa = PBXFrameworksBuildPhase;
			buildActionMask = 2147483647;
			files = (
			);
			runOnlyForDeploymentPostprocessing = 0;
		};
		142D546E2D453F4E008B3B74 /* Frameworks */ = {
			isa = PBXFrameworksBuildPhase;
			buildActionMask = 2147483647;
			files = (
			);
			runOnlyForDeploymentPostprocessing = 0;
		};
/* End PBXFrameworksBuildPhase section */

/* Begin PBXGroup section */
		142D54482D453F4C008B3B74 = {
			isa = PBXGroup;
			children = (
				142D54532D453F4C008B3B74 /* IdealistaChallenge */,
				142D546A2D453F4E008B3B74 /* IdealistaChallengeTests */,
				142D54742D453F4E008B3B74 /* IdealistaChallengeUITests */,
				142D54522D453F4C008B3B74 /* Products */,
			);
			sourceTree = "<group>";
		};
		142D54522D453F4C008B3B74 /* Products */ = {
			isa = PBXGroup;
			children = (
				142D54512D453F4C008B3B74 /* IdealistaChallenge.app */,
				142D54672D453F4E008B3B74 /* IdealistaChallengeTests.xctest */,
				142D54712D453F4E008B3B74 /* IdealistaChallengeUITests.xctest */,
			);
			name = Products;
			sourceTree = "<group>";
		};
/* End PBXGroup section */

/* Begin PBXNativeTarget section */
		142D54502D453F4C008B3B74 /* IdealistaChallenge */ = {
			isa = PBXNativeTarget;
			buildConfigurationList = 142D547A2D453F4E008B3B74 /* Build configuration list for PBXNativeTarget "IdealistaChallenge" */;
			buildPhases = (
				142D544D2D453F4C008B3B74 /* Sources */,
				142D544E2D453F4C008B3B74 /* Frameworks */,
				142D544F2D453F4C008B3B74 /* Resources */,
			);
			buildRules = (
			);
			dependencies = (
			);
			fileSystemSynchronizedGroups = (
				142D54532D453F4C008B3B74 /* IdealistaChallenge */,
			);
			name = IdealistaChallenge;
			packageProductDependencies = (
			);
			productName = IdealistaChallenge;
			productReference = 142D54512D453F4C008B3B74 /* IdealistaChallenge.app */;
			productType = "com.apple.product-type.application";
		};
		142D54662D453F4E008B3B74 /* IdealistaChallengeTests */ = {
			isa = PBXNativeTarget;
			buildConfigurationList = 142D547F2D453F4E008B3B74 /* Build configuration list for PBXNativeTarget "IdealistaChallengeTests" */;
			buildPhases = (
				142D54632D453F4E008B3B74 /* Sources */,
				142D54642D453F4E008B3B74 /* Frameworks */,
				142D54652D453F4E008B3B74 /* Resources */,
			);
			buildRules = (
			);
			dependencies = (
				142D54692D453F4E008B3B74 /* PBXTargetDependency */,
			);
			fileSystemSynchronizedGroups = (
				142D546A2D453F4E008B3B74 /* IdealistaChallengeTests */,
			);
			name = IdealistaChallengeTests;
			packageProductDependencies = (
			);
			productName = IdealistaChallengeTests;
			productReference = 142D54672D453F4E008B3B74 /* IdealistaChallengeTests.xctest */;
			productType = "com.apple.product-type.bundle.unit-test";
		};
		142D54702D453F4E008B3B74 /* IdealistaChallengeUITests */ = {
			isa = PBXNativeTarget;
			buildConfigurationList = 142D54822D453F4E008B3B74 /* Build configuration list for PBXNativeTarget "IdealistaChallengeUITests" */;
			buildPhases = (
				142D546D2D453F4E008B3B74 /* Sources */,
				142D546E2D453F4E008B3B74 /* Frameworks */,
				142D546F2D453F4E008B3B74 /* Resources */,
			);
			buildRules = (
			);
			dependencies = (
				142D54732D453F4E008B3B74 /* PBXTargetDependency */,
			);
			fileSystemSynchronizedGroups = (
				142D54742D453F4E008B3B74 /* IdealistaChallengeUITests */,
			);
			name = IdealistaChallengeUITests;
			packageProductDependencies = (
			);
			productName = IdealistaChallengeUITests;
			productReference = 142D54712D453F4E008B3B74 /* IdealistaChallengeUITests.xctest */;
			productType = "com.apple.product-type.bundle.ui-testing";
		};
/* End PBXNativeTarget section */

/* Begin PBXProject section */
		142D54492D453F4C008B3B74 /* Project object */ = {
			isa = PBXProject;
			attributes = {
				BuildIndependentTargetsInParallel = 1;
				LastSwiftUpdateCheck = 1620;
				LastUpgradeCheck = 1620;
				TargetAttributes = {
					142D54502D453F4C008B3B74 = {
						CreatedOnToolsVersion = 16.2;
					};
					142D54662D453F4E008B3B74 = {
						CreatedOnToolsVersion = 16.2;
						TestTargetID = 142D54502D453F4C008B3B74;
					};
					142D54702D453F4E008B3B74 = {
						CreatedOnToolsVersion = 16.2;
						TestTargetID = 142D54502D453F4C008B3B74;
					};
				};
			};
			buildConfigurationList = 142D544C2D453F4C008B3B74 /* Build configuration list for PBXProject "IdealistaChallenge" */;
			developmentRegion = en;
			hasScannedForEncodings = 0;
			knownRegions = (
				en,
				Base,
				es,
			);
			mainGroup = 142D54482D453F4C008B3B74;
			minimizedProjectReferenceProxies = 1;
			preferredProjectObjectVersion = 77;
			productRefGroup = 142D54522D453F4C008B3B74 /* Products */;
			projectDirPath = "";
			projectRoot = "";
			targets = (
				142D54502D453F4C008B3B74 /* IdealistaChallenge */,
				142D54662D453F4E008B3B74 /* IdealistaChallengeTests */,
				142D54702D453F4E008B3B74 /* IdealistaChallengeUITests */,
			);
		};
/* End PBXProject section */

/* Begin PBXResourcesBuildPhase section */
		142D544F2D453F4C008B3B74 /* Resources */ = {
			isa = PBXResourcesBuildPhase;
			buildActionMask = 2147483647;
			files = (
			);
			runOnlyForDeploymentPostprocessing = 0;
		};
		142D54652D453F4E008B3B74 /* Resources */ = {
			isa = PBXResourcesBuildPhase;
			buildActionMask = 2147483647;
			files = (
			);
			runOnlyForDeploymentPostprocessing = 0;
		};
		142D546F2D453F4E008B3B74 /* Resources */ = {
			isa = PBXResourcesBuildPhase;
			buildActionMask = 2147483647;
			files = (
			);
			runOnlyForDeploymentPostprocessing = 0;
		};
/* End PBXResourcesBuildPhase section */

/* Begin PBXSourcesBuildPhase section */
		142D544D2D453F4C008B3B74 /* Sources */ = {
			isa = PBXSourcesBuildPhase;
			buildActionMask = 2147483647;
			files = (
			);
			runOnlyForDeploymentPostprocessing = 0;
		};
		142D54632D453F4E008B3B74 /* Sources */ = {
			isa = PBXSourcesBuildPhase;
			buildActionMask = 2147483647;
			files = (
			);
			runOnlyForDeploymentPostprocessing = 0;
		};
		142D546D2D453F4E008B3B74 /* Sources */ = {
			isa = PBXSourcesBuildPhase;
			buildActionMask = 2147483647;
			files = (
			);
			runOnlyForDeploymentPostprocessing = 0;
		};
/* End PBXSourcesBuildPhase section */

/* Begin PBXTargetDependency section */
		142D54692D453F4E008B3B74 /* PBXTargetDependency */ = {
			isa = PBXTargetDependency;
			target = 142D54502D453F4C008B3B74 /* IdealistaChallenge */;
			targetProxy = 142D54682D453F4E008B3B74 /* PBXContainerItemProxy */;
		};
		142D54732D453F4E008B3B74 /* PBXTargetDependency */ = {
			isa = PBXTargetDependency;
			target = 142D54502D453F4C008B3B74 /* IdealistaChallenge */;
			targetProxy = 142D54722D453F4E008B3B74 /* PBXContainerItemProxy */;
		};
/* End PBXTargetDependency section */

/* Begin XCBuildConfiguration section */
		142D547B2D453F4E008B3B74 /* Debug */ = {
			isa = XCBuildConfiguration;
			buildSettings = {
				ASSETCATALOG_COMPILER_APPICON_NAME = AppIcon;
				ASSETCATALOG_COMPILER_GLOBAL_ACCENT_COLOR_NAME = AccentColor;
				CODE_SIGN_STYLE = Automatic;
				CURRENT_PROJECT_VERSION = 1;
				DEVELOPMENT_TEAM = LW9DHQ8252;
				GENERATE_INFOPLIST_FILE = YES;
				INFOPLIST_FILE = IdealistaChallenge/Info.plist;
				INFOPLIST_KEY_LSApplicationCategoryType = "public.app-category.business";
				INFOPLIST_KEY_UIApplicationSupportsIndirectInputEvents = YES;
				INFOPLIST_KEY_UILaunchStoryboardName = LaunchScreen;
				INFOPLIST_KEY_UIStatusBarStyle = "";
				INFOPLIST_KEY_UISupportedInterfaceOrientations_iPad = "UIInterfaceOrientationPortrait UIInterfaceOrientationPortraitUpsideDown UIInterfaceOrientationLandscapeLeft UIInterfaceOrientationLandscapeRight";
				INFOPLIST_KEY_UISupportedInterfaceOrientations_iPhone = "UIInterfaceOrientationPortrait UIInterfaceOrientationLandscapeLeft UIInterfaceOrientationLandscapeRight";
				IPHONEOS_DEPLOYMENT_TARGET = 15.0;
				LD_RUNPATH_SEARCH_PATHS = (
					"$(inherited)",
					"@executable_path/Frameworks",
				);
				MARKETING_VERSION = 1.0;
				PRODUCT_BUNDLE_IDENTIFIER = josemalagon.es.IdealistaChallenge;
				PRODUCT_NAME = "$(TARGET_NAME)";
				SWIFT_EMIT_LOC_STRINGS = YES;
				SWIFT_VERSION = 5.0;
				TARGETED_DEVICE_FAMILY = "1,2";
			};
			name = Debug;
		};
		142D547C2D453F4E008B3B74 /* Release */ = {
			isa = XCBuildConfiguration;
			buildSettings = {
				ASSETCATALOG_COMPILER_APPICON_NAME = AppIcon;
				ASSETCATALOG_COMPILER_GLOBAL_ACCENT_COLOR_NAME = AccentColor;
				CODE_SIGN_STYLE = Automatic;
				CURRENT_PROJECT_VERSION = 1;
				DEVELOPMENT_TEAM = LW9DHQ8252;
				GENERATE_INFOPLIST_FILE = YES;
				INFOPLIST_FILE = IdealistaChallenge/Info.plist;
				INFOPLIST_KEY_LSApplicationCategoryType = "public.app-category.business";
				INFOPLIST_KEY_UIApplicationSupportsIndirectInputEvents = YES;
				INFOPLIST_KEY_UILaunchStoryboardName = LaunchScreen;
				INFOPLIST_KEY_UIStatusBarStyle = "";
				INFOPLIST_KEY_UISupportedInterfaceOrientations_iPad = "UIInterfaceOrientationPortrait UIInterfaceOrientationPortraitUpsideDown UIInterfaceOrientationLandscapeLeft UIInterfaceOrientationLandscapeRight";
				INFOPLIST_KEY_UISupportedInterfaceOrientations_iPhone = "UIInterfaceOrientationPortrait UIInterfaceOrientationLandscapeLeft UIInterfaceOrientationLandscapeRight";
				IPHONEOS_DEPLOYMENT_TARGET = 15.0;
				LD_RUNPATH_SEARCH_PATHS = (
					"$(inherited)",
					"@executable_path/Frameworks",
				);
				MARKETING_VERSION = 1.0;
				PRODUCT_BUNDLE_IDENTIFIER = josemalagon.es.IdealistaChallenge;
				PRODUCT_NAME = "$(TARGET_NAME)";
				SWIFT_EMIT_LOC_STRINGS = YES;
				SWIFT_VERSION = 5.0;
				TARGETED_DEVICE_FAMILY = "1,2";
			};
			name = Release;
		};
		142D547D2D453F4E008B3B74 /* Debug */ = {
			isa = XCBuildConfiguration;
			buildSettings = {
				ALWAYS_SEARCH_USER_PATHS = NO;
				ASSETCATALOG_COMPILER_GENERATE_SWIFT_ASSET_SYMBOL_EXTENSIONS = YES;
				CLANG_ANALYZER_LOCALIZABILITY_NONLOCALIZED = YES;
				CLANG_ANALYZER_NONNULL = YES;
				CLANG_ANALYZER_NUMBER_OBJECT_CONVERSION = YES_AGGRESSIVE;
				CLANG_CXX_LANGUAGE_STANDARD = "gnu++20";
				CLANG_ENABLE_MODULES = YES;
				CLANG_ENABLE_OBJC_ARC = YES;
				CLANG_ENABLE_OBJC_WEAK = YES;
				CLANG_WARN_BLOCK_CAPTURE_AUTORELEASING = YES;
				CLANG_WARN_BOOL_CONVERSION = YES;
				CLANG_WARN_COMMA = YES;
				CLANG_WARN_CONSTANT_CONVERSION = YES;
				CLANG_WARN_DEPRECATED_OBJC_IMPLEMENTATIONS = YES;
				CLANG_WARN_DIRECT_OBJC_ISA_USAGE = YES_ERROR;
				CLANG_WARN_DOCUMENTATION_COMMENTS = YES;
				CLANG_WARN_EMPTY_BODY = YES;
				CLANG_WARN_ENUM_CONVERSION = YES;
				CLANG_WARN_INFINITE_RECURSION = YES;
				CLANG_WARN_INT_CONVERSION = YES;
				CLANG_WARN_NON_LITERAL_NULL_CONVERSION = YES;
				CLANG_WARN_OBJC_IMPLICIT_RETAIN_SELF = YES;
				CLANG_WARN_OBJC_LITERAL_CONVERSION = YES;
				CLANG_WARN_OBJC_ROOT_CLASS = YES_ERROR;
				CLANG_WARN_QUOTED_INCLUDE_IN_FRAMEWORK_HEADER = YES;
				CLANG_WARN_RANGE_LOOP_ANALYSIS = YES;
				CLANG_WARN_STRICT_PROTOTYPES = YES;
				CLANG_WARN_SUSPICIOUS_MOVE = YES;
				CLANG_WARN_UNGUARDED_AVAILABILITY = YES_AGGRESSIVE;
				CLANG_WARN_UNREACHABLE_CODE = YES;
				CLANG_WARN__DUPLICATE_METHOD_MATCH = YES;
				COPY_PHASE_STRIP = NO;
				DEBUG_INFORMATION_FORMAT = dwarf;
				ENABLE_STRICT_OBJC_MSGSEND = YES;
				ENABLE_TESTABILITY = YES;
				ENABLE_USER_SCRIPT_SANDBOXING = YES;
				GCC_C_LANGUAGE_STANDARD = gnu17;
				GCC_DYNAMIC_NO_PIC = NO;
				GCC_NO_COMMON_BLOCKS = YES;
				GCC_OPTIMIZATION_LEVEL = 0;
				GCC_PREPROCESSOR_DEFINITIONS = (
					"DEBUG=1",
					"$(inherited)",
				);
				GCC_WARN_64_TO_32_BIT_CONVERSION = YES;
				GCC_WARN_ABOUT_RETURN_TYPE = YES_ERROR;
				GCC_WARN_UNDECLARED_SELECTOR = YES;
				GCC_WARN_UNINITIALIZED_AUTOS = YES_AGGRESSIVE;
				GCC_WARN_UNUSED_FUNCTION = YES;
				GCC_WARN_UNUSED_VARIABLE = YES;
				IPHONEOS_DEPLOYMENT_TARGET = 18.2;
				LOCALIZATION_PREFERS_STRING_CATALOGS = YES;
				MTL_ENABLE_DEBUG_INFO = INCLUDE_SOURCE;
				MTL_FAST_MATH = YES;
				ONLY_ACTIVE_ARCH = YES;
				SDKROOT = iphoneos;
				SWIFT_ACTIVE_COMPILATION_CONDITIONS = "DEBUG $(inherited)";
				SWIFT_EMIT_LOC_STRINGS = YES;
				SWIFT_OPTIMIZATION_LEVEL = "-Onone";
			};
			name = Debug;
		};
		142D547E2D453F4E008B3B74 /* Release */ = {
			isa = XCBuildConfiguration;
			buildSettings = {
				ALWAYS_SEARCH_USER_PATHS = NO;
				ASSETCATALOG_COMPILER_GENERATE_SWIFT_ASSET_SYMBOL_EXTENSIONS = YES;
				CLANG_ANALYZER_LOCALIZABILITY_NONLOCALIZED = YES;
				CLANG_ANALYZER_NONNULL = YES;
				CLANG_ANALYZER_NUMBER_OBJECT_CONVERSION = YES_AGGRESSIVE;
				CLANG_CXX_LANGUAGE_STANDARD = "gnu++20";
				CLANG_ENABLE_MODULES = YES;
				CLANG_ENABLE_OBJC_ARC = YES;
				CLANG_ENABLE_OBJC_WEAK = YES;
				CLANG_WARN_BLOCK_CAPTURE_AUTORELEASING = YES;
				CLANG_WARN_BOOL_CONVERSION = YES;
				CLANG_WARN_COMMA = YES;
				CLANG_WARN_CONSTANT_CONVERSION = YES;
				CLANG_WARN_DEPRECATED_OBJC_IMPLEMENTATIONS = YES;
				CLANG_WARN_DIRECT_OBJC_ISA_USAGE = YES_ERROR;
				CLANG_WARN_DOCUMENTATION_COMMENTS = YES;
				CLANG_WARN_EMPTY_BODY = YES;
				CLANG_WARN_ENUM_CONVERSION = YES;
				CLANG_WARN_INFINITE_RECURSION = YES;
				CLANG_WARN_INT_CONVERSION = YES;
				CLANG_WARN_NON_LITERAL_NULL_CONVERSION = YES;
				CLANG_WARN_OBJC_IMPLICIT_RETAIN_SELF = YES;
				CLANG_WARN_OBJC_LITERAL_CONVERSION = YES;
				CLANG_WARN_OBJC_ROOT_CLASS = YES_ERROR;
				CLANG_WARN_QUOTED_INCLUDE_IN_FRAMEWORK_HEADER = YES;
				CLANG_WARN_RANGE_LOOP_ANALYSIS = YES;
				CLANG_WARN_STRICT_PROTOTYPES = YES;
				CLANG_WARN_SUSPICIOUS_MOVE = YES;
				CLANG_WARN_UNGUARDED_AVAILABILITY = YES_AGGRESSIVE;
				CLANG_WARN_UNREACHABLE_CODE = YES;
				CLANG_WARN__DUPLICATE_METHOD_MATCH = YES;
				COPY_PHASE_STRIP = NO;
				DEBUG_INFORMATION_FORMAT = "dwarf-with-dsym";
				ENABLE_NS_ASSERTIONS = NO;
				ENABLE_STRICT_OBJC_MSGSEND = YES;
				ENABLE_USER_SCRIPT_SANDBOXING = YES;
				GCC_C_LANGUAGE_STANDARD = gnu17;
				GCC_NO_COMMON_BLOCKS = YES;
				GCC_WARN_64_TO_32_BIT_CONVERSION = YES;
				GCC_WARN_ABOUT_RETURN_TYPE = YES_ERROR;
				GCC_WARN_UNDECLARED_SELECTOR = YES;
				GCC_WARN_UNINITIALIZED_AUTOS = YES_AGGRESSIVE;
				GCC_WARN_UNUSED_FUNCTION = YES;
				GCC_WARN_UNUSED_VARIABLE = YES;
				IPHONEOS_DEPLOYMENT_TARGET = 18.2;
				LOCALIZATION_PREFERS_STRING_CATALOGS = YES;
				MTL_ENABLE_DEBUG_INFO = NO;
				MTL_FAST_MATH = YES;
				SDKROOT = iphoneos;
				SWIFT_COMPILATION_MODE = wholemodule;
				SWIFT_EMIT_LOC_STRINGS = YES;
				VALIDATE_PRODUCT = YES;
			};
			name = Release;
		};
		142D54802D453F4E008B3B74 /* Debug */ = {
			isa = XCBuildConfiguration;
			buildSettings = {
				BUNDLE_LOADER = "$(TEST_HOST)";
				CODE_SIGN_STYLE = Automatic;
				CURRENT_PROJECT_VERSION = 1;
				DEVELOPMENT_TEAM = LW9DHQ8252;
				GENERATE_INFOPLIST_FILE = YES;
				IPHONEOS_DEPLOYMENT_TARGET = 15.6;
				MARKETING_VERSION = 1.0;
				PRODUCT_BUNDLE_IDENTIFIER = josemalagon.es.IdealistaChallengeTests;
				PRODUCT_NAME = "$(TARGET_NAME)";
				SWIFT_EMIT_LOC_STRINGS = NO;
				SWIFT_VERSION = 5.0;
				TARGETED_DEVICE_FAMILY = "1,2";
				TEST_HOST = "$(BUILT_PRODUCTS_DIR)/IdealistaChallenge.app/$(BUNDLE_EXECUTABLE_FOLDER_PATH)/IdealistaChallenge";
			};
			name = Debug;
		};
		142D54812D453F4E008B3B74 /* Release */ = {
			isa = XCBuildConfiguration;
			buildSettings = {
				BUNDLE_LOADER = "$(TEST_HOST)";
				CODE_SIGN_STYLE = Automatic;
				CURRENT_PROJECT_VERSION = 1;
				DEVELOPMENT_TEAM = LW9DHQ8252;
				GENERATE_INFOPLIST_FILE = YES;
				IPHONEOS_DEPLOYMENT_TARGET = 15.6;
				MARKETING_VERSION = 1.0;
				PRODUCT_BUNDLE_IDENTIFIER = josemalagon.es.IdealistaChallengeTests;
				PRODUCT_NAME = "$(TARGET_NAME)";
				SWIFT_EMIT_LOC_STRINGS = NO;
				SWIFT_VERSION = 5.0;
				TARGETED_DEVICE_FAMILY = "1,2";
				TEST_HOST = "$(BUILT_PRODUCTS_DIR)/IdealistaChallenge.app/$(BUNDLE_EXECUTABLE_FOLDER_PATH)/IdealistaChallenge";
			};
			name = Release;
		};
		142D54832D453F4E008B3B74 /* Debug */ = {
			isa = XCBuildConfiguration;
			buildSettings = {
				CODE_SIGN_STYLE = Automatic;
				CURRENT_PROJECT_VERSION = 1;
				DEVELOPMENT_TEAM = LW9DHQ8252;
				GENERATE_INFOPLIST_FILE = YES;
				IPHONEOS_DEPLOYMENT_TARGET = 15.6;
				MARKETING_VERSION = 1.0;
				PRODUCT_BUNDLE_IDENTIFIER = josemalagon.es.IdealistaChallengeUITests;
				PRODUCT_NAME = "$(TARGET_NAME)";
				SWIFT_EMIT_LOC_STRINGS = NO;
				SWIFT_VERSION = 5.0;
				TARGETED_DEVICE_FAMILY = "1,2";
				TEST_TARGET_NAME = IdealistaChallenge;
			};
			name = Debug;
		};
		142D54842D453F4E008B3B74 /* Release */ = {
			isa = XCBuildConfiguration;
			buildSettings = {
				CODE_SIGN_STYLE = Automatic;
				CURRENT_PROJECT_VERSION = 1;
				DEVELOPMENT_TEAM = LW9DHQ8252;
				GENERATE_INFOPLIST_FILE = YES;
				IPHONEOS_DEPLOYMENT_TARGET = 15.6;
				MARKETING_VERSION = 1.0;
				PRODUCT_BUNDLE_IDENTIFIER = josemalagon.es.IdealistaChallengeUITests;
				PRODUCT_NAME = "$(TARGET_NAME)";
				SWIFT_EMIT_LOC_STRINGS = NO;
				SWIFT_VERSION = 5.0;
				TARGETED_DEVICE_FAMILY = "1,2";
				TEST_TARGET_NAME = IdealistaChallenge;
			};
			name = Release;
		};
/* End XCBuildConfiguration section */

/* Begin XCConfigurationList section */
		142D544C2D453F4C008B3B74 /* Build configuration list for PBXProject "IdealistaChallenge" */ = {
			isa = XCConfigurationList;
			buildConfigurations = (
				142D547D2D453F4E008B3B74 /* Debug */,
				142D547E2D453F4E008B3B74 /* Release */,
			);
			defaultConfigurationIsVisible = 0;
			defaultConfigurationName = Release;
		};
		142D547A2D453F4E008B3B74 /* Build configuration list for PBXNativeTarget "IdealistaChallenge" */ = {
			isa = XCConfigurationList;
			buildConfigurations = (
				142D547B2D453F4E008B3B74 /* Debug */,
				142D547C2D453F4E008B3B74 /* Release */,
			);
			defaultConfigurationIsVisible = 0;
			defaultConfigurationName = Release;
		};
		142D547F2D453F4E008B3B74 /* Build configuration list for PBXNativeTarget "IdealistaChallengeTests" */ = {
			isa = XCConfigurationList;
			buildConfigurations = (
				142D54802D453F4E008B3B74 /* Debug */,
				142D54812D453F4E008B3B74 /* Release */,
			);
			defaultConfigurationIsVisible = 0;
			defaultConfigurationName = Release;
		};
		142D54822D453F4E008B3B74 /* Build configuration list for PBXNativeTarget "IdealistaChallengeUITests" */ = {
			isa = XCConfigurationList;
			buildConfigurations = (
				142D54832D453F4E008B3B74 /* Debug */,
				142D54842D453F4E008B3B74 /* Release */,
			);
			defaultConfigurationIsVisible = 0;
			defaultConfigurationName = Release;
		};
/* End XCConfigurationList section */
	};
	rootObject = 142D54492D453F4C008B3B74 /* Project object */;
}
